
Microsoft Visual Studio Solution File, Format Version 12.00
# Visual Studio Version 16
VisualStudioVersion = 16.0.31702.278
MinimumVisualStudioVersion = 10.0.40219.1
Project("{9A19103F-16F7-4668-BE54-9A1E7A4F7556}") = "GAME RPG", "GAME RPG\GAME RPG.csproj", "{2D734286-1208-4151-BACB-4F4EA9EA5809}"
EndProject
Project("{FAE04EC0-301F-11D3-BF4B-00C04F79EFBC}") = "LibrairyDataRpg", "LibrairyDataRpg\LibrairyDataRpg.csproj", "{EDB249A1-1BB4-4216-8D90-7468804CEC95}"
EndProject
Project("{FAE04EC0-301F-11D3-BF4B-00C04F79EFBC}") = "RPG GAME EDITOR", "RPG GAME EDITOR\RPG GAME EDITOR.csproj", "{44715A19-52CE-4B07-9A30-6D95280D1AAB}"
EndProject
Global
	GlobalSection(SolutionConfigurationPlatforms) = preSolution
		Debug|Any CPU = Debug|Any CPU
		Release|Any CPU = Release|Any CPU
	EndGlobalSection
	GlobalSection(ProjectConfigurationPlatforms) = postSolution
		{2D734286-1208-4151-BACB-4F4EA9EA5809}.Debug|Any CPU.ActiveCfg = Debug|Any CPU
		{2D734286-1208-4151-BACB-4F4EA9EA5809}.Debug|Any CPU.Build.0 = Debug|Any CPU
		{2D734286-1208-4151-BACB-4F4EA9EA5809}.Release|Any CPU.ActiveCfg = Release|Any CPU
		{2D734286-1208-4151-BACB-4F4EA9EA5809}.Release|Any CPU.Build.0 = Release|Any CPU
		{EDB249A1-1BB4-4216-8D90-7468804CEC95}.Debug|Any CPU.ActiveCfg = Debug|Any CPU
		{EDB249A1-1BB4-4216-8D90-7468804CEC95}.Debug|Any CPU.Build.0 = Debug|Any CPU
		{EDB249A1-1BB4-4216-8D90-7468804CEC95}.Release|Any CPU.ActiveCfg = Release|Any CPU
		{EDB249A1-1BB4-4216-8D90-7468804CEC95}.Release|Any CPU.Build.0 = Release|Any CPU
		{44715A19-52CE-4B07-9A30-6D95280D1AAB}.Debug|Any CPU.ActiveCfg = Debug|Any CPU
		{44715A19-52CE-4B07-9A30-6D95280D1AAB}.Debug|Any CPU.Build.0 = Debug|Any CPU
		{44715A19-52CE-4B07-9A30-6D95280D1AAB}.Release|Any CPU.ActiveCfg = Release|Any CPU
		{44715A19-52CE-4B07-9A30-6D95280D1AAB}.Release|Any CPU.Build.0 = Release|Any CPU
	EndGlobalSection
	GlobalSection(SolutionProperties) = preSolution
		HideSolutionNode = FALSE
	EndGlobalSection
	GlobalSection(ExtensibilityGlobals) = postSolution
		SolutionGuid = {E45631E6-CE41-4C3C-84A0-161323076F95}
	EndGlobalSection
EndGlobal
